
Microsoft Visual Studio Solution File, Format Version 12.00
# Visual Studio Version 17
VisualStudioVersion = 17.10.35004.147
MinimumVisualStudioVersion = 10.0.40219.1
Project("{FAE04EC0-301F-11D3-BF4B-00C04F79EFBC}") = "Diagram", "Diagram.csproj", "{DFC9FAB2-89D8-46B3-A4D6-09337D6C026B}"
EndProject
Project("{FAE04EC0-301F-11D3-BF4B-00C04F79EFBC}") = "Business", "..\Business\Business.csproj", "{73C417E9-2446-4A65-A1C6-419DB60B9938}"
EndProject
Project("{FAE04EC0-301F-11D3-BF4B-00C04F79EFBC}") = "Data", "Data\Data.csproj", "{B162E325-38F3-41DC-AF94-78F3B253A87E}"
EndProject
Project("{FAE04EC0-301F-11D3-BF4B-00C04F79EFBC}") = "Entity", "Entity\Entity.csproj", "{E1917115-C73F-47FF-921F-434203248FEE}"
EndProject
Project("{FAE04EC0-301F-11D3-BF4B-00C04F79EFBC}") = "Utilies", "Utilies\Utilies.csproj", "{BC08B025-917F-432C-819A-A36FF1FF15EE}"
EndProject
Global
	GlobalSection(SolutionConfigurationPlatforms) = preSolution
		Debug|Any CPU = Debug|Any CPU
		Release|Any CPU = Release|Any CPU
	EndGlobalSection
	GlobalSection(ProjectConfigurationPlatforms) = postSolution
		{DFC9FAB2-89D8-46B3-A4D6-09337D6C026B}.Debug|Any CPU.ActiveCfg = Debug|Any CPU
		{DFC9FAB2-89D8-46B3-A4D6-09337D6C026B}.Debug|Any CPU.Build.0 = Debug|Any CPU
		{DFC9FAB2-89D8-46B3-A4D6-09337D6C026B}.Release|Any CPU.ActiveCfg = Release|Any CPU
		{DFC9FAB2-89D8-46B3-A4D6-09337D6C026B}.Release|Any CPU.Build.0 = Release|Any CPU
		{73C417E9-2446-4A65-A1C6-419DB60B9938}.Debug|Any CPU.ActiveCfg = Debug|Any CPU
		{73C417E9-2446-4A65-A1C6-419DB60B9938}.Debug|Any CPU.Build.0 = Debug|Any CPU
		{73C417E9-2446-4A65-A1C6-419DB60B9938}.Release|Any CPU.ActiveCfg = Release|Any CPU
		{73C417E9-2446-4A65-A1C6-419DB60B9938}.Release|Any CPU.Build.0 = Release|Any CPU
		{B162E325-38F3-41DC-AF94-78F3B253A87E}.Debug|Any CPU.ActiveCfg = Debug|Any CPU
		{B162E325-38F3-41DC-AF94-78F3B253A87E}.Debug|Any CPU.Build.0 = Debug|Any CPU
		{B162E325-38F3-41DC-AF94-78F3B253A87E}.Release|Any CPU.ActiveCfg = Release|Any CPU
		{B162E325-38F3-41DC-AF94-78F3B253A87E}.Release|Any CPU.Build.0 = Release|Any CPU
		{E1917115-C73F-47FF-921F-434203248FEE}.Debug|Any CPU.ActiveCfg = Debug|Any CPU
		{E1917115-C73F-47FF-921F-434203248FEE}.Debug|Any CPU.Build.0 = Debug|Any CPU
		{E1917115-C73F-47FF-921F-434203248FEE}.Release|Any CPU.ActiveCfg = Release|Any CPU
		{E1917115-C73F-47FF-921F-434203248FEE}.Release|Any CPU.Build.0 = Release|Any CPU
		{BC08B025-917F-432C-819A-A36FF1FF15EE}.Debug|Any CPU.ActiveCfg = Debug|Any CPU
		{BC08B025-917F-432C-819A-A36FF1FF15EE}.Debug|Any CPU.Build.0 = Debug|Any CPU
		{BC08B025-917F-432C-819A-A36FF1FF15EE}.Release|Any CPU.ActiveCfg = Release|Any CPU
		{BC08B025-917F-432C-819A-A36FF1FF15EE}.Release|Any CPU.Build.0 = Release|Any CPU
	EndGlobalSection
	GlobalSection(SolutionProperties) = preSolution
		HideSolutionNode = FALSE
	EndGlobalSection
	GlobalSection(ExtensibilityGlobals) = postSolution
		SolutionGuid = {85602A1A-30BE-4E64-9563-363A072ABF49}
	EndGlobalSection
EndGlobal
